// !$*UTF8*$!
{
	archiveVersion = 1;
	classes = {
	};
	objectVersion = 50;
	objects = {

/* Begin PBXBuildFile section */
		761B555726739DC5004641D3 /* main.swift in Sources */ = {isa = PBXBuildFile; fileRef = 761B555626739DC5004641D3 /* main.swift */; };
		761B556226750067004641D3 /* main.swift in Sources */ = {isa = PBXBuildFile; fileRef = 761B556126750067004641D3 /* main.swift */; };
		761B556D26772C41004641D3 /* main.swift in Sources */ = {isa = PBXBuildFile; fileRef = 761B556C26772C41004641D3 /* main.swift */; };
		761B557826786838004641D3 /* main.swift in Sources */ = {isa = PBXBuildFile; fileRef = 761B557726786838004641D3 /* main.swift */; };
		761B558326786EC6004641D3 /* main.swift in Sources */ = {isa = PBXBuildFile; fileRef = 761B558226786EC6004641D3 /* main.swift */; };
		76783B8D2667A03E001F9241 /* main.swift in Sources */ = {isa = PBXBuildFile; fileRef = 76783B8C2667A03E001F9241 /* main.swift */; };
		76783B9A2668A3B0001F9241 /* main.swift in Sources */ = {isa = PBXBuildFile; fileRef = 76783B992668A3B0001F9241 /* main.swift */; };
		76783BA52668AEFC001F9241 /* main.swift in Sources */ = {isa = PBXBuildFile; fileRef = 76783BA42668AEFC001F9241 /* main.swift */; };
		76783BB02668B935001F9241 /* main.swift in Sources */ = {isa = PBXBuildFile; fileRef = 76783BAF2668B935001F9241 /* main.swift */; };
		76783C06266A0531001F9241 /* main.swift in Sources */ = {isa = PBXBuildFile; fileRef = 76783C05266A0531001F9241 /* main.swift */; };
		76783C1C266BAFB2001F9241 /* main.swift in Sources */ = {isa = PBXBuildFile; fileRef = 76783C1B266BAFB2001F9241 /* main.swift */; };
		76783C28266D01EA001F9241 /* main.swift in Sources */ = {isa = PBXBuildFile; fileRef = 76783C27266D01EA001F9241 /* main.swift */; };
		76783C33266E5A91001F9241 /* main.swift in Sources */ = {isa = PBXBuildFile; fileRef = 76783C32266E5A90001F9241 /* main.swift */; };
		76783C3E266E67F7001F9241 /* main.swift in Sources */ = {isa = PBXBuildFile; fileRef = 76783C3D266E67F7001F9241 /* main.swift */; };
		76783C49266F4751001F9241 /* main.swift in Sources */ = {isa = PBXBuildFile; fileRef = 76783C48266F4751001F9241 /* main.swift */; };
		76783C542670A55F001F9241 /* main.swift in Sources */ = {isa = PBXBuildFile; fileRef = 76783C532670A55F001F9241 /* main.swift */; };
		76783C5F2671BF7E001F9241 /* main.swift in Sources */ = {isa = PBXBuildFile; fileRef = 76783C5E2671BF7E001F9241 /* main.swift */; };
/* End PBXBuildFile section */

/* Begin PBXCopyFilesBuildPhase section */
		761B554726739C88004641D3 /* CopyFiles */ = {
			isa = PBXCopyFilesBuildPhase;
			buildActionMask = 2147483647;
			dstPath = /usr/share/man/man1/;
			dstSubfolderSpec = 0;
			files = (
			);
			runOnlyForDeploymentPostprocessing = 1;
		};
		761B555226739DC4004641D3 /* CopyFiles */ = {
			isa = PBXCopyFilesBuildPhase;
			buildActionMask = 2147483647;
			dstPath = /usr/share/man/man1/;
			dstSubfolderSpec = 0;
			files = (
			);
			runOnlyForDeploymentPostprocessing = 1;
		};
		761B555D26750067004641D3 /* CopyFiles */ = {
			isa = PBXCopyFilesBuildPhase;
			buildActionMask = 2147483647;
			dstPath = /usr/share/man/man1/;
			dstSubfolderSpec = 0;
			files = (
			);
			runOnlyForDeploymentPostprocessing = 1;
		};
		761B556826772C41004641D3 /* CopyFiles */ = {
			isa = PBXCopyFilesBuildPhase;
			buildActionMask = 2147483647;
			dstPath = /usr/share/man/man1/;
			dstSubfolderSpec = 0;
			files = (
			);
			runOnlyForDeploymentPostprocessing = 1;
		};
		761B557326786838004641D3 /* CopyFiles */ = {
			isa = PBXCopyFilesBuildPhase;
			buildActionMask = 2147483647;
			dstPath = /usr/share/man/man1/;
			dstSubfolderSpec = 0;
			files = (
			);
			runOnlyForDeploymentPostprocessing = 1;
		};
		761B557E26786EC6004641D3 /* CopyFiles */ = {
			isa = PBXCopyFilesBuildPhase;
			buildActionMask = 2147483647;
			dstPath = /usr/share/man/man1/;
			dstSubfolderSpec = 0;
			files = (
			);
			runOnlyForDeploymentPostprocessing = 1;
		};
		76783B882667A03E001F9241 /* CopyFiles */ = {
			isa = PBXCopyFilesBuildPhase;
			buildActionMask = 2147483647;
			dstPath = /usr/share/man/man1/;
			dstSubfolderSpec = 0;
			files = (
			);
			runOnlyForDeploymentPostprocessing = 1;
		};
		76783B952668A3B0001F9241 /* CopyFiles */ = {
			isa = PBXCopyFilesBuildPhase;
			buildActionMask = 2147483647;
			dstPath = /usr/share/man/man1/;
			dstSubfolderSpec = 0;
			files = (
			);
			runOnlyForDeploymentPostprocessing = 1;
		};
		76783BA02668AEFC001F9241 /* CopyFiles */ = {
			isa = PBXCopyFilesBuildPhase;
			buildActionMask = 2147483647;
			dstPath = /usr/share/man/man1/;
			dstSubfolderSpec = 0;
			files = (
			);
			runOnlyForDeploymentPostprocessing = 1;
		};
		76783BAB2668B935001F9241 /* CopyFiles */ = {
			isa = PBXCopyFilesBuildPhase;
			buildActionMask = 2147483647;
			dstPath = /usr/share/man/man1/;
			dstSubfolderSpec = 0;
			files = (
			);
			runOnlyForDeploymentPostprocessing = 1;
		};
		76783C01266A0531001F9241 /* CopyFiles */ = {
			isa = PBXCopyFilesBuildPhase;
			buildActionMask = 2147483647;
			dstPath = /usr/share/man/man1/;
			dstSubfolderSpec = 0;
			files = (
			);
			runOnlyForDeploymentPostprocessing = 1;
		};
		76783C17266BAFB2001F9241 /* CopyFiles */ = {
			isa = PBXCopyFilesBuildPhase;
			buildActionMask = 2147483647;
			dstPath = /usr/share/man/man1/;
			dstSubfolderSpec = 0;
			files = (
			);
			runOnlyForDeploymentPostprocessing = 1;
		};
		76783C23266D01EA001F9241 /* CopyFiles */ = {
			isa = PBXCopyFilesBuildPhase;
			buildActionMask = 2147483647;
			dstPath = /usr/share/man/man1/;
			dstSubfolderSpec = 0;
			files = (
			);
			runOnlyForDeploymentPostprocessing = 1;
		};
		76783C2E266E5A90001F9241 /* CopyFiles */ = {
			isa = PBXCopyFilesBuildPhase;
			buildActionMask = 2147483647;
			dstPath = /usr/share/man/man1/;
			dstSubfolderSpec = 0;
			files = (
			);
			runOnlyForDeploymentPostprocessing = 1;
		};
		76783C39266E67F7001F9241 /* CopyFiles */ = {
			isa = PBXCopyFilesBuildPhase;
			buildActionMask = 2147483647;
			dstPath = /usr/share/man/man1/;
			dstSubfolderSpec = 0;
			files = (
			);
			runOnlyForDeploymentPostprocessing = 1;
		};
		76783C44266F4751001F9241 /* CopyFiles */ = {
			isa = PBXCopyFilesBuildPhase;
			buildActionMask = 2147483647;
			dstPath = /usr/share/man/man1/;
			dstSubfolderSpec = 0;
			files = (
			);
			runOnlyForDeploymentPostprocessing = 1;
		};
		76783C4F2670A55F001F9241 /* CopyFiles */ = {
			isa = PBXCopyFilesBuildPhase;
			buildActionMask = 2147483647;
			dstPath = /usr/share/man/man1/;
			dstSubfolderSpec = 0;
			files = (
			);
			runOnlyForDeploymentPostprocessing = 1;
		};
		76783C5A2671BF7D001F9241 /* CopyFiles */ = {
			isa = PBXCopyFilesBuildPhase;
			buildActionMask = 2147483647;
			dstPath = /usr/share/man/man1/;
			dstSubfolderSpec = 0;
			files = (
			);
			runOnlyForDeploymentPostprocessing = 1;
		};
/* End PBXCopyFilesBuildPhase section */

/* Begin PBXFileReference section */
		761B554926739C88004641D3 /* MergeTwoLists */ = {isa = PBXFileReference; explicitFileType = "compiled.mach-o.executable"; includeInIndex = 0; path = MergeTwoLists; sourceTree = BUILT_PRODUCTS_DIR; };
		761B555426739DC4004641D3 /* ValidParentheses */ = {isa = PBXFileReference; explicitFileType = "compiled.mach-o.executable"; includeInIndex = 0; path = ValidParentheses; sourceTree = BUILT_PRODUCTS_DIR; };
		761B555626739DC5004641D3 /* main.swift */ = {isa = PBXFileReference; lastKnownFileType = sourcecode.swift; path = main.swift; sourceTree = "<group>"; };
		761B555F26750067004641D3 /* TapeEquilibrium */ = {isa = PBXFileReference; explicitFileType = "compiled.mach-o.executable"; includeInIndex = 0; path = TapeEquilibrium; sourceTree = BUILT_PRODUCTS_DIR; };
		761B556126750067004641D3 /* main.swift */ = {isa = PBXFileReference; lastKnownFileType = sourcecode.swift; path = main.swift; sourceTree = "<group>"; };
		761B556A26772C41004641D3 /* CountWords */ = {isa = PBXFileReference; explicitFileType = "compiled.mach-o.executable"; includeInIndex = 0; path = CountWords; sourceTree = BUILT_PRODUCTS_DIR; };
		761B556C26772C41004641D3 /* main.swift */ = {isa = PBXFileReference; lastKnownFileType = sourcecode.swift; path = main.swift; sourceTree = "<group>"; };
		761B557526786838004641D3 /* SalesByMatch */ = {isa = PBXFileReference; explicitFileType = "compiled.mach-o.executable"; includeInIndex = 0; path = SalesByMatch; sourceTree = BUILT_PRODUCTS_DIR; };
		761B557726786838004641D3 /* main.swift */ = {isa = PBXFileReference; lastKnownFileType = sourcecode.swift; path = main.swift; sourceTree = "<group>"; };
		761B558026786EC6004641D3 /* PickingNumbers */ = {isa = PBXFileReference; explicitFileType = "compiled.mach-o.executable"; includeInIndex = 0; path = PickingNumbers; sourceTree = BUILT_PRODUCTS_DIR; };
		761B558226786EC6004641D3 /* main.swift */ = {isa = PBXFileReference; lastKnownFileType = sourcecode.swift; path = main.swift; sourceTree = "<group>"; };
		76783B8A2667A03E001F9241 /* KthNumber */ = {isa = PBXFileReference; explicitFileType = "compiled.mach-o.executable"; includeInIndex = 0; path = KthNumber; sourceTree = BUILT_PRODUCTS_DIR; };
		76783B8C2667A03E001F9241 /* main.swift */ = {isa = PBXFileReference; lastKnownFileType = sourcecode.swift; path = main.swift; sourceTree = "<group>"; };
		76783B972668A3B0001F9241 /* TwoSum */ = {isa = PBXFileReference; explicitFileType = "compiled.mach-o.executable"; includeInIndex = 0; path = TwoSum; sourceTree = BUILT_PRODUCTS_DIR; };
		76783B992668A3B0001F9241 /* main.swift */ = {isa = PBXFileReference; lastKnownFileType = sourcecode.swift; path = main.swift; sourceTree = "<group>"; };
		76783BA22668AEFC001F9241 /* BinaryGap */ = {isa = PBXFileReference; explicitFileType = "compiled.mach-o.executable"; includeInIndex = 0; path = BinaryGap; sourceTree = BUILT_PRODUCTS_DIR; };
		76783BA42668AEFC001F9241 /* main.swift */ = {isa = PBXFileReference; lastKnownFileType = sourcecode.swift; path = main.swift; sourceTree = "<group>"; };
		76783BAD2668B935001F9241 /* 369Game */ = {isa = PBXFileReference; explicitFileType = "compiled.mach-o.executable"; includeInIndex = 0; path = 369Game; sourceTree = BUILT_PRODUCTS_DIR; };
		76783BAF2668B935001F9241 /* main.swift */ = {isa = PBXFileReference; lastKnownFileType = sourcecode.swift; path = main.swift; sourceTree = "<group>"; };
		76783C03266A0531001F9241 /* AppleOrange */ = {isa = PBXFileReference; explicitFileType = "compiled.mach-o.executable"; includeInIndex = 0; path = AppleOrange; sourceTree = BUILT_PRODUCTS_DIR; };
		76783C05266A0531001F9241 /* main.swift */ = {isa = PBXFileReference; lastKnownFileType = sourcecode.swift; path = main.swift; sourceTree = "<group>"; };
		76783C19266BAFB2001F9241 /* RomanToInteger */ = {isa = PBXFileReference; explicitFileType = "compiled.mach-o.executable"; includeInIndex = 0; path = RomanToInteger; sourceTree = BUILT_PRODUCTS_DIR; };
		76783C1B266BAFB2001F9241 /* main.swift */ = {isa = PBXFileReference; lastKnownFileType = sourcecode.swift; path = main.swift; sourceTree = "<group>"; };
		76783C25266D01EA001F9241 /* OddOccurrencesInArray */ = {isa = PBXFileReference; explicitFileType = "compiled.mach-o.executable"; includeInIndex = 0; path = OddOccurrencesInArray; sourceTree = BUILT_PRODUCTS_DIR; };
		76783C27266D01EA001F9241 /* main.swift */ = {isa = PBXFileReference; lastKnownFileType = sourcecode.swift; path = main.swift; sourceTree = "<group>"; };
		76783C30266E5A90001F9241 /* CountOverlapedElements1 */ = {isa = PBXFileReference; explicitFileType = "compiled.mach-o.executable"; includeInIndex = 0; path = CountOverlapedElements1; sourceTree = BUILT_PRODUCTS_DIR; };
		76783C32266E5A90001F9241 /* main.swift */ = {isa = PBXFileReference; lastKnownFileType = sourcecode.swift; path = main.swift; sourceTree = "<group>"; };
		76783C3B266E67F7001F9241 /* CountOverlapedElements2 */ = {isa = PBXFileReference; explicitFileType = "compiled.mach-o.executable"; includeInIndex = 0; path = CountOverlapedElements2; sourceTree = BUILT_PRODUCTS_DIR; };
		76783C3D266E67F7001F9241 /* main.swift */ = {isa = PBXFileReference; lastKnownFileType = sourcecode.swift; path = main.swift; sourceTree = "<group>"; };
		76783C46266F4751001F9241 /* FindDivisors */ = {isa = PBXFileReference; explicitFileType = "compiled.mach-o.executable"; includeInIndex = 0; path = FindDivisors; sourceTree = BUILT_PRODUCTS_DIR; };
		76783C48266F4751001F9241 /* main.swift */ = {isa = PBXFileReference; lastKnownFileType = sourcecode.swift; path = main.swift; sourceTree = "<group>"; };
		76783C512670A55F001F9241 /* DrawingBook */ = {isa = PBXFileReference; explicitFileType = "compiled.mach-o.executable"; includeInIndex = 0; path = DrawingBook; sourceTree = BUILT_PRODUCTS_DIR; };
		76783C532670A55F001F9241 /* main.swift */ = {isa = PBXFileReference; lastKnownFileType = sourcecode.swift; path = main.swift; sourceTree = "<group>"; };
		76783C5C2671BF7E001F9241 /* ClawMachine */ = {isa = PBXFileReference; explicitFileType = "compiled.mach-o.executable"; includeInIndex = 0; path = ClawMachine; sourceTree = BUILT_PRODUCTS_DIR; };
		76783C5E2671BF7E001F9241 /* main.swift */ = {isa = PBXFileReference; lastKnownFileType = sourcecode.swift; path = main.swift; sourceTree = "<group>"; };
/* End PBXFileReference section */

/* Begin PBXFrameworksBuildPhase section */
		761B554626739C88004641D3 /* Frameworks */ = {
			isa = PBXFrameworksBuildPhase;
			buildActionMask = 2147483647;
			files = (
			);
			runOnlyForDeploymentPostprocessing = 0;
		};
		761B555126739DC4004641D3 /* Frameworks */ = {
			isa = PBXFrameworksBuildPhase;
			buildActionMask = 2147483647;
			files = (
			);
			runOnlyForDeploymentPostprocessing = 0;
		};
		761B555C26750067004641D3 /* Frameworks */ = {
			isa = PBXFrameworksBuildPhase;
			buildActionMask = 2147483647;
			files = (
			);
			runOnlyForDeploymentPostprocessing = 0;
		};
		761B556726772C41004641D3 /* Frameworks */ = {
			isa = PBXFrameworksBuildPhase;
			buildActionMask = 2147483647;
			files = (
			);
			runOnlyForDeploymentPostprocessing = 0;
		};
		761B557226786838004641D3 /* Frameworks */ = {
			isa = PBXFrameworksBuildPhase;
			buildActionMask = 2147483647;
			files = (
			);
			runOnlyForDeploymentPostprocessing = 0;
		};
		761B557D26786EC6004641D3 /* Frameworks */ = {
			isa = PBXFrameworksBuildPhase;
			buildActionMask = 2147483647;
			files = (
			);
			runOnlyForDeploymentPostprocessing = 0;
		};
		76783B872667A03E001F9241 /* Frameworks */ = {
			isa = PBXFrameworksBuildPhase;
			buildActionMask = 2147483647;
			files = (
			);
			runOnlyForDeploymentPostprocessing = 0;
		};
		76783B942668A3B0001F9241 /* Frameworks */ = {
			isa = PBXFrameworksBuildPhase;
			buildActionMask = 2147483647;
			files = (
			);
			runOnlyForDeploymentPostprocessing = 0;
		};
		76783B9F2668AEFC001F9241 /* Frameworks */ = {
			isa = PBXFrameworksBuildPhase;
			buildActionMask = 2147483647;
			files = (
			);
			runOnlyForDeploymentPostprocessing = 0;
		};
		76783BAA2668B935001F9241 /* Frameworks */ = {
			isa = PBXFrameworksBuildPhase;
			buildActionMask = 2147483647;
			files = (
			);
			runOnlyForDeploymentPostprocessing = 0;
		};
		76783C00266A0531001F9241 /* Frameworks */ = {
			isa = PBXFrameworksBuildPhase;
			buildActionMask = 2147483647;
			files = (
			);
			runOnlyForDeploymentPostprocessing = 0;
		};
		76783C16266BAFB2001F9241 /* Frameworks */ = {
			isa = PBXFrameworksBuildPhase;
			buildActionMask = 2147483647;
			files = (
			);
			runOnlyForDeploymentPostprocessing = 0;
		};
		76783C22266D01EA001F9241 /* Frameworks */ = {
			isa = PBXFrameworksBuildPhase;
			buildActionMask = 2147483647;
			files = (
			);
			runOnlyForDeploymentPostprocessing = 0;
		};
		76783C2D266E5A90001F9241 /* Frameworks */ = {
			isa = PBXFrameworksBuildPhase;
			buildActionMask = 2147483647;
			files = (
			);
			runOnlyForDeploymentPostprocessing = 0;
		};
		76783C38266E67F7001F9241 /* Frameworks */ = {
			isa = PBXFrameworksBuildPhase;
			buildActionMask = 2147483647;
			files = (
			);
			runOnlyForDeploymentPostprocessing = 0;
		};
		76783C43266F4751001F9241 /* Frameworks */ = {
			isa = PBXFrameworksBuildPhase;
			buildActionMask = 2147483647;
			files = (
			);
			runOnlyForDeploymentPostprocessing = 0;
		};
		76783C4E2670A55F001F9241 /* Frameworks */ = {
			isa = PBXFrameworksBuildPhase;
			buildActionMask = 2147483647;
			files = (
			);
			runOnlyForDeploymentPostprocessing = 0;
		};
		76783C592671BF7D001F9241 /* Frameworks */ = {
			isa = PBXFrameworksBuildPhase;
			buildActionMask = 2147483647;
			files = (
			);
			runOnlyForDeploymentPostprocessing = 0;
		};
/* End PBXFrameworksBuildPhase section */

/* Begin PBXGroup section */
		761B555526739DC5004641D3 /* ValidParentheses */ = {
			isa = PBXGroup;
			children = (
				761B555626739DC5004641D3 /* main.swift */,
			);
			path = ValidParentheses;
			sourceTree = "<group>";
		};
		761B556026750067004641D3 /* TapeEquilibrium */ = {
			isa = PBXGroup;
			children = (
				761B556126750067004641D3 /* main.swift */,
			);
			path = TapeEquilibrium;
			sourceTree = "<group>";
		};
		761B556B26772C41004641D3 /* CountWords */ = {
			isa = PBXGroup;
			children = (
				761B556C26772C41004641D3 /* main.swift */,
			);
			path = CountWords;
			sourceTree = "<group>";
		};
		761B557626786838004641D3 /* SalesByMatch */ = {
			isa = PBXGroup;
			children = (
				761B557726786838004641D3 /* main.swift */,
			);
			path = SalesByMatch;
			sourceTree = "<group>";
		};
		761B558126786EC6004641D3 /* PickingNumbers */ = {
			isa = PBXGroup;
			children = (
				761B558226786EC6004641D3 /* main.swift */,
			);
			path = PickingNumbers;
			sourceTree = "<group>";
		};
		76783B6026666A3C001F9241 = {
			isa = PBXGroup;
			children = (
				76783B8B2667A03E001F9241 /* KthNumber */,
				76783B982668A3B0001F9241 /* TwoSum */,
				76783BA32668AEFC001F9241 /* BinaryGap */,
				76783BAE2668B935001F9241 /* 369Game */,
				76783C04266A0531001F9241 /* AppleOrange */,
				76783C1A266BAFB2001F9241 /* RomanToInteger */,
				76783C26266D01EA001F9241 /* OddOccurrencesInArray */,
				76783C31266E5A90001F9241 /* CountOverlapedElements1 */,
				76783C3C266E67F7001F9241 /* CountOverlapedElements2 */,
				76783C47266F4751001F9241 /* FindDivisors */,
				76783C522670A55F001F9241 /* DrawingBook */,
				76783C5D2671BF7E001F9241 /* ClawMachine */,
				761B555526739DC5004641D3 /* ValidParentheses */,
				761B556026750067004641D3 /* TapeEquilibrium */,
				761B556B26772C41004641D3 /* CountWords */,
				761B557626786838004641D3 /* SalesByMatch */,
				761B558126786EC6004641D3 /* PickingNumbers */,
				76783B6A26666A3C001F9241 /* Products */,
			);
			sourceTree = "<group>";
		};
		76783B6A26666A3C001F9241 /* Products */ = {
			isa = PBXGroup;
			children = (
				76783B8A2667A03E001F9241 /* KthNumber */,
				76783B972668A3B0001F9241 /* TwoSum */,
				76783BA22668AEFC001F9241 /* BinaryGap */,
				76783BAD2668B935001F9241 /* 369Game */,
				76783C03266A0531001F9241 /* AppleOrange */,
				76783C19266BAFB2001F9241 /* RomanToInteger */,
				76783C25266D01EA001F9241 /* OddOccurrencesInArray */,
				76783C30266E5A90001F9241 /* CountOverlapedElements1 */,
				76783C3B266E67F7001F9241 /* CountOverlapedElements2 */,
				76783C46266F4751001F9241 /* FindDivisors */,
				76783C512670A55F001F9241 /* DrawingBook */,
				76783C5C2671BF7E001F9241 /* ClawMachine */,
				761B554926739C88004641D3 /* MergeTwoLists */,
				761B555426739DC4004641D3 /* ValidParentheses */,
				761B555F26750067004641D3 /* TapeEquilibrium */,
				761B556A26772C41004641D3 /* CountWords */,
				761B557526786838004641D3 /* SalesByMatch */,
				761B558026786EC6004641D3 /* PickingNumbers */,
			);
			name = Products;
			sourceTree = "<group>";
		};
		76783B8B2667A03E001F9241 /* KthNumber */ = {
			isa = PBXGroup;
			children = (
				76783B8C2667A03E001F9241 /* main.swift */,
			);
			path = KthNumber;
			sourceTree = "<group>";
		};
		76783B982668A3B0001F9241 /* TwoSum */ = {
			isa = PBXGroup;
			children = (
				76783B992668A3B0001F9241 /* main.swift */,
			);
			path = TwoSum;
			sourceTree = "<group>";
		};
		76783BA32668AEFC001F9241 /* BinaryGap */ = {
			isa = PBXGroup;
			children = (
				76783BA42668AEFC001F9241 /* main.swift */,
			);
			path = BinaryGap;
			sourceTree = "<group>";
		};
		76783BAE2668B935001F9241 /* 369Game */ = {
			isa = PBXGroup;
			children = (
				76783BAF2668B935001F9241 /* main.swift */,
			);
			path = 369Game;
			sourceTree = "<group>";
		};
		76783C04266A0531001F9241 /* AppleOrange */ = {
			isa = PBXGroup;
			children = (
				76783C05266A0531001F9241 /* main.swift */,
			);
			path = AppleOrange;
			sourceTree = "<group>";
		};
		76783C1A266BAFB2001F9241 /* RomanToInteger */ = {
			isa = PBXGroup;
			children = (
				76783C1B266BAFB2001F9241 /* main.swift */,
			);
			path = RomanToInteger;
			sourceTree = "<group>";
		};
		76783C26266D01EA001F9241 /* OddOccurrencesInArray */ = {
			isa = PBXGroup;
			children = (
				76783C27266D01EA001F9241 /* main.swift */,
			);
			path = OddOccurrencesInArray;
			sourceTree = "<group>";
		};
		76783C31266E5A90001F9241 /* CountOverlapedElements1 */ = {
			isa = PBXGroup;
			children = (
				76783C32266E5A90001F9241 /* main.swift */,
			);
			path = CountOverlapedElements1;
			sourceTree = "<group>";
		};
		76783C3C266E67F7001F9241 /* CountOverlapedElements2 */ = {
			isa = PBXGroup;
			children = (
				76783C3D266E67F7001F9241 /* main.swift */,
			);
			path = CountOverlapedElements2;
			sourceTree = "<group>";
		};
		76783C47266F4751001F9241 /* FindDivisors */ = {
			isa = PBXGroup;
			children = (
				76783C48266F4751001F9241 /* main.swift */,
			);
			path = FindDivisors;
			sourceTree = "<group>";
		};
		76783C522670A55F001F9241 /* DrawingBook */ = {
			isa = PBXGroup;
			children = (
				76783C532670A55F001F9241 /* main.swift */,
			);
			path = DrawingBook;
			sourceTree = "<group>";
		};
		76783C5D2671BF7E001F9241 /* ClawMachine */ = {
			isa = PBXGroup;
			children = (
				76783C5E2671BF7E001F9241 /* main.swift */,
			);
			path = ClawMachine;
			sourceTree = "<group>";
		};
/* End PBXGroup section */

/* Begin PBXNativeTarget section */
		761B554826739C88004641D3 /* MergeTwoLists */ = {
			isa = PBXNativeTarget;
			buildConfigurationList = 761B554F26739C88004641D3 /* Build configuration list for PBXNativeTarget "MergeTwoLists" */;
			buildPhases = (
				761B554526739C88004641D3 /* Sources */,
				761B554626739C88004641D3 /* Frameworks */,
				761B554726739C88004641D3 /* CopyFiles */,
			);
			buildRules = (
			);
			dependencies = (
			);
			name = MergeTwoLists;
			productName = MergeTwoLists;
			productReference = 761B554926739C88004641D3 /* MergeTwoLists */;
			productType = "com.apple.product-type.tool";
		};
		761B555326739DC4004641D3 /* ValidParentheses */ = {
			isa = PBXNativeTarget;
			buildConfigurationList = 761B555826739DC5004641D3 /* Build configuration list for PBXNativeTarget "ValidParentheses" */;
			buildPhases = (
				761B555026739DC4004641D3 /* Sources */,
				761B555126739DC4004641D3 /* Frameworks */,
				761B555226739DC4004641D3 /* CopyFiles */,
			);
			buildRules = (
			);
			dependencies = (
			);
			name = ValidParentheses;
			productName = ValidParentheses;
			productReference = 761B555426739DC4004641D3 /* ValidParentheses */;
			productType = "com.apple.product-type.tool";
		};
		761B555E26750067004641D3 /* TapeEquilibrium */ = {
			isa = PBXNativeTarget;
			buildConfigurationList = 761B556526750067004641D3 /* Build configuration list for PBXNativeTarget "TapeEquilibrium" */;
			buildPhases = (
				761B555B26750067004641D3 /* Sources */,
				761B555C26750067004641D3 /* Frameworks */,
				761B555D26750067004641D3 /* CopyFiles */,
			);
			buildRules = (
			);
			dependencies = (
			);
			name = TapeEquilibrium;
			productName = TapeEquilibrium;
			productReference = 761B555F26750067004641D3 /* TapeEquilibrium */;
			productType = "com.apple.product-type.tool";
		};
		761B556926772C41004641D3 /* CountWords */ = {
			isa = PBXNativeTarget;
			buildConfigurationList = 761B557026772C41004641D3 /* Build configuration list for PBXNativeTarget "CountWords" */;
			buildPhases = (
				761B556626772C41004641D3 /* Sources */,
				761B556726772C41004641D3 /* Frameworks */,
				761B556826772C41004641D3 /* CopyFiles */,
			);
			buildRules = (
			);
			dependencies = (
			);
			name = CountWords;
			productName = CountWords;
			productReference = 761B556A26772C41004641D3 /* CountWords */;
			productType = "com.apple.product-type.tool";
		};
		761B557426786838004641D3 /* SalesByMatch */ = {
			isa = PBXNativeTarget;
			buildConfigurationList = 761B557B26786838004641D3 /* Build configuration list for PBXNativeTarget "SalesByMatch" */;
			buildPhases = (
				761B557126786838004641D3 /* Sources */,
				761B557226786838004641D3 /* Frameworks */,
				761B557326786838004641D3 /* CopyFiles */,
			);
			buildRules = (
			);
			dependencies = (
			);
			name = SalesByMatch;
			productName = SalesByMatch;
			productReference = 761B557526786838004641D3 /* SalesByMatch */;
			productType = "com.apple.product-type.tool";
		};
		761B557F26786EC6004641D3 /* PickingNumbers */ = {
			isa = PBXNativeTarget;
			buildConfigurationList = 761B558426786EC6004641D3 /* Build configuration list for PBXNativeTarget "PickingNumbers" */;
			buildPhases = (
				761B557C26786EC6004641D3 /* Sources */,
				761B557D26786EC6004641D3 /* Frameworks */,
				761B557E26786EC6004641D3 /* CopyFiles */,
			);
			buildRules = (
			);
			dependencies = (
			);
			name = PickingNumbers;
			productName = PickingNumbers;
			productReference = 761B558026786EC6004641D3 /* PickingNumbers */;
			productType = "com.apple.product-type.tool";
		};
		76783B892667A03E001F9241 /* KthNumber */ = {
			isa = PBXNativeTarget;
			buildConfigurationList = 76783B8E2667A03E001F9241 /* Build configuration list for PBXNativeTarget "KthNumber" */;
			buildPhases = (
				76783B862667A03E001F9241 /* Sources */,
				76783B872667A03E001F9241 /* Frameworks */,
				76783B882667A03E001F9241 /* CopyFiles */,
			);
			buildRules = (
			);
			dependencies = (
			);
			name = KthNumber;
			productName = KthNumber;
			productReference = 76783B8A2667A03E001F9241 /* KthNumber */;
			productType = "com.apple.product-type.tool";
		};
		76783B962668A3B0001F9241 /* TwoSum */ = {
			isa = PBXNativeTarget;
			buildConfigurationList = 76783B9B2668A3B0001F9241 /* Build configuration list for PBXNativeTarget "TwoSum" */;
			buildPhases = (
				76783B932668A3B0001F9241 /* Sources */,
				76783B942668A3B0001F9241 /* Frameworks */,
				76783B952668A3B0001F9241 /* CopyFiles */,
			);
			buildRules = (
			);
			dependencies = (
			);
			name = TwoSum;
			productName = TwoSum;
			productReference = 76783B972668A3B0001F9241 /* TwoSum */;
			productType = "com.apple.product-type.tool";
		};
		76783BA12668AEFC001F9241 /* BinaryGap */ = {
			isa = PBXNativeTarget;
			buildConfigurationList = 76783BA62668AEFC001F9241 /* Build configuration list for PBXNativeTarget "BinaryGap" */;
			buildPhases = (
				76783B9E2668AEFC001F9241 /* Sources */,
				76783B9F2668AEFC001F9241 /* Frameworks */,
				76783BA02668AEFC001F9241 /* CopyFiles */,
			);
			buildRules = (
			);
			dependencies = (
			);
			name = BinaryGap;
			productName = BinaryGap;
			productReference = 76783BA22668AEFC001F9241 /* BinaryGap */;
			productType = "com.apple.product-type.tool";
		};
		76783BAC2668B935001F9241 /* 369Game */ = {
			isa = PBXNativeTarget;
			buildConfigurationList = 76783BB12668B935001F9241 /* Build configuration list for PBXNativeTarget "369Game" */;
			buildPhases = (
				76783BA92668B935001F9241 /* Sources */,
				76783BAA2668B935001F9241 /* Frameworks */,
				76783BAB2668B935001F9241 /* CopyFiles */,
			);
			buildRules = (
			);
			dependencies = (
			);
			name = 369Game;
			productName = 369Game;
			productReference = 76783BAD2668B935001F9241 /* 369Game */;
			productType = "com.apple.product-type.tool";
		};
		76783C02266A0531001F9241 /* AppleOrange */ = {
			isa = PBXNativeTarget;
			buildConfigurationList = 76783C07266A0531001F9241 /* Build configuration list for PBXNativeTarget "AppleOrange" */;
			buildPhases = (
				76783BFF266A0531001F9241 /* Sources */,
				76783C00266A0531001F9241 /* Frameworks */,
				76783C01266A0531001F9241 /* CopyFiles */,
			);
			buildRules = (
			);
			dependencies = (
			);
			name = AppleOrange;
			productName = AppleOrange;
			productReference = 76783C03266A0531001F9241 /* AppleOrange */;
			productType = "com.apple.product-type.tool";
		};
		76783C18266BAFB2001F9241 /* RomanToInteger */ = {
			isa = PBXNativeTarget;
			buildConfigurationList = 76783C1D266BAFB2001F9241 /* Build configuration list for PBXNativeTarget "RomanToInteger" */;
			buildPhases = (
				76783C15266BAFB2001F9241 /* Sources */,
				76783C16266BAFB2001F9241 /* Frameworks */,
				76783C17266BAFB2001F9241 /* CopyFiles */,
			);
			buildRules = (
			);
			dependencies = (
			);
			name = RomanToInteger;
			productName = RomanToInteger;
			productReference = 76783C19266BAFB2001F9241 /* RomanToInteger */;
			productType = "com.apple.product-type.tool";
		};
		76783C24266D01EA001F9241 /* OddOccurrencesInArray */ = {
			isa = PBXNativeTarget;
			buildConfigurationList = 76783C29266D01EA001F9241 /* Build configuration list for PBXNativeTarget "OddOccurrencesInArray" */;
			buildPhases = (
				76783C21266D01EA001F9241 /* Sources */,
				76783C22266D01EA001F9241 /* Frameworks */,
				76783C23266D01EA001F9241 /* CopyFiles */,
			);
			buildRules = (
			);
			dependencies = (
			);
			name = OddOccurrencesInArray;
			productName = OddOccurrencesInArray;
			productReference = 76783C25266D01EA001F9241 /* OddOccurrencesInArray */;
			productType = "com.apple.product-type.tool";
		};
		76783C2F266E5A90001F9241 /* CountOverlapedElements1 */ = {
			isa = PBXNativeTarget;
			buildConfigurationList = 76783C34266E5A91001F9241 /* Build configuration list for PBXNativeTarget "CountOverlapedElements1" */;
			buildPhases = (
				76783C2C266E5A90001F9241 /* Sources */,
				76783C2D266E5A90001F9241 /* Frameworks */,
				76783C2E266E5A90001F9241 /* CopyFiles */,
			);
			buildRules = (
			);
			dependencies = (
			);
			name = CountOverlapedElements1;
			productName = CountOverlapedElements1;
			productReference = 76783C30266E5A90001F9241 /* CountOverlapedElements1 */;
			productType = "com.apple.product-type.tool";
		};
		76783C3A266E67F7001F9241 /* CountOverlapedElements2 */ = {
			isa = PBXNativeTarget;
			buildConfigurationList = 76783C3F266E67F7001F9241 /* Build configuration list for PBXNativeTarget "CountOverlapedElements2" */;
			buildPhases = (
				76783C37266E67F7001F9241 /* Sources */,
				76783C38266E67F7001F9241 /* Frameworks */,
				76783C39266E67F7001F9241 /* CopyFiles */,
			);
			buildRules = (
			);
			dependencies = (
			);
			name = CountOverlapedElements2;
			productName = CountOverlapedElements2;
			productReference = 76783C3B266E67F7001F9241 /* CountOverlapedElements2 */;
			productType = "com.apple.product-type.tool";
		};
		76783C45266F4751001F9241 /* FindDivisors */ = {
			isa = PBXNativeTarget;
			buildConfigurationList = 76783C4A266F4751001F9241 /* Build configuration list for PBXNativeTarget "FindDivisors" */;
			buildPhases = (
				76783C42266F4751001F9241 /* Sources */,
				76783C43266F4751001F9241 /* Frameworks */,
				76783C44266F4751001F9241 /* CopyFiles */,
			);
			buildRules = (
			);
			dependencies = (
			);
			name = FindDivisors;
			productName = FindDivisors;
			productReference = 76783C46266F4751001F9241 /* FindDivisors */;
			productType = "com.apple.product-type.tool";
		};
		76783C502670A55F001F9241 /* DrawingBook */ = {
			isa = PBXNativeTarget;
			buildConfigurationList = 76783C552670A55F001F9241 /* Build configuration list for PBXNativeTarget "DrawingBook" */;
			buildPhases = (
				76783C4D2670A55F001F9241 /* Sources */,
				76783C4E2670A55F001F9241 /* Frameworks */,
				76783C4F2670A55F001F9241 /* CopyFiles */,
			);
			buildRules = (
			);
			dependencies = (
			);
			name = DrawingBook;
			productName = DrawingBook;
			productReference = 76783C512670A55F001F9241 /* DrawingBook */;
			productType = "com.apple.product-type.tool";
		};
		76783C5B2671BF7D001F9241 /* ClawMachine */ = {
			isa = PBXNativeTarget;
			buildConfigurationList = 76783C602671BF7E001F9241 /* Build configuration list for PBXNativeTarget "ClawMachine" */;
			buildPhases = (
				76783C582671BF7D001F9241 /* Sources */,
				76783C592671BF7D001F9241 /* Frameworks */,
				76783C5A2671BF7D001F9241 /* CopyFiles */,
			);
			buildRules = (
			);
			dependencies = (
			);
			name = ClawMachine;
			productName = ClawMachine;
			productReference = 76783C5C2671BF7E001F9241 /* ClawMachine */;
			productType = "com.apple.product-type.tool";
		};
/* End PBXNativeTarget section */

/* Begin PBXProject section */
		76783B6126666A3C001F9241 /* Project object */ = {
			isa = PBXProject;
			attributes = {
				LastSwiftUpdateCheck = 1250;
				LastUpgradeCheck = 1250;
				TargetAttributes = {
					761B554826739C88004641D3 = {
						CreatedOnToolsVersion = 12.5;
					};
					761B555326739DC4004641D3 = {
						CreatedOnToolsVersion = 12.5;
					};
					761B555E26750067004641D3 = {
						CreatedOnToolsVersion = 12.5;
					};
					761B556926772C41004641D3 = {
						CreatedOnToolsVersion = 12.5;
					};
					761B557426786838004641D3 = {
						CreatedOnToolsVersion = 12.5;
					};
					761B557F26786EC6004641D3 = {
						CreatedOnToolsVersion = 12.5;
					};
					76783B892667A03E001F9241 = {
						CreatedOnToolsVersion = 12.5;
					};
					76783B962668A3B0001F9241 = {
						CreatedOnToolsVersion = 12.5;
					};
					76783BA12668AEFC001F9241 = {
						CreatedOnToolsVersion = 12.5;
					};
					76783BAC2668B935001F9241 = {
						CreatedOnToolsVersion = 12.5;
					};
					76783C02266A0531001F9241 = {
						CreatedOnToolsVersion = 12.5;
					};
					76783C18266BAFB2001F9241 = {
						CreatedOnToolsVersion = 12.5;
					};
					76783C24266D01EA001F9241 = {
						CreatedOnToolsVersion = 12.5;
					};
					76783C2F266E5A90001F9241 = {
						CreatedOnToolsVersion = 12.5;
					};
					76783C3A266E67F7001F9241 = {
						CreatedOnToolsVersion = 12.5;
					};
					76783C45266F4751001F9241 = {
						CreatedOnToolsVersion = 12.5;
					};
					76783C502670A55F001F9241 = {
						CreatedOnToolsVersion = 12.5;
					};
					76783C5B2671BF7D001F9241 = {
						CreatedOnToolsVersion = 12.5;
					};
				};
			};
			buildConfigurationList = 76783B6426666A3C001F9241 /* Build configuration list for PBXProject "Algorithm" */;
			compatibilityVersion = "Xcode 9.3";
			developmentRegion = en;
			hasScannedForEncodings = 0;
			knownRegions = (
				en,
				Base,
			);
			mainGroup = 76783B6026666A3C001F9241;
			productRefGroup = 76783B6A26666A3C001F9241 /* Products */;
			projectDirPath = "";
			projectRoot = "";
			targets = (
				76783B892667A03E001F9241 /* KthNumber */,
				76783B962668A3B0001F9241 /* TwoSum */,
				76783BA12668AEFC001F9241 /* BinaryGap */,
				76783BAC2668B935001F9241 /* 369Game */,
				76783C02266A0531001F9241 /* AppleOrange */,
				76783C18266BAFB2001F9241 /* RomanToInteger */,
				76783C24266D01EA001F9241 /* OddOccurrencesInArray */,
				76783C2F266E5A90001F9241 /* CountOverlapedElements1 */,
				76783C3A266E67F7001F9241 /* CountOverlapedElements2 */,
				76783C45266F4751001F9241 /* FindDivisors */,
				76783C502670A55F001F9241 /* DrawingBook */,
				76783C5B2671BF7D001F9241 /* ClawMachine */,
				761B554826739C88004641D3 /* MergeTwoLists */,
				761B555326739DC4004641D3 /* ValidParentheses */,
				761B555E26750067004641D3 /* TapeEquilibrium */,
				761B556926772C41004641D3 /* CountWords */,
				761B557426786838004641D3 /* SalesByMatch */,
				761B557F26786EC6004641D3 /* PickingNumbers */,
			);
		};
/* End PBXProject section */

/* Begin PBXSourcesBuildPhase section */
		761B554526739C88004641D3 /* Sources */ = {
			isa = PBXSourcesBuildPhase;
			buildActionMask = 2147483647;
			files = (
			);
			runOnlyForDeploymentPostprocessing = 0;
		};
		761B555026739DC4004641D3 /* Sources */ = {
			isa = PBXSourcesBuildPhase;
			buildActionMask = 2147483647;
			files = (
				761B555726739DC5004641D3 /* main.swift in Sources */,
			);
			runOnlyForDeploymentPostprocessing = 0;
		};
		761B555B26750067004641D3 /* Sources */ = {
			isa = PBXSourcesBuildPhase;
			buildActionMask = 2147483647;
			files = (
				761B556226750067004641D3 /* main.swift in Sources */,
			);
			runOnlyForDeploymentPostprocessing = 0;
		};
		761B556626772C41004641D3 /* Sources */ = {
			isa = PBXSourcesBuildPhase;
			buildActionMask = 2147483647;
			files = (
				761B556D26772C41004641D3 /* main.swift in Sources */,
			);
			runOnlyForDeploymentPostprocessing = 0;
		};
		761B557126786838004641D3 /* Sources */ = {
			isa = PBXSourcesBuildPhase;
			buildActionMask = 2147483647;
			files = (
				761B557826786838004641D3 /* main.swift in Sources */,
			);
			runOnlyForDeploymentPostprocessing = 0;
		};
		761B557C26786EC6004641D3 /* Sources */ = {
			isa = PBXSourcesBuildPhase;
			buildActionMask = 2147483647;
			files = (
				761B558326786EC6004641D3 /* main.swift in Sources */,
			);
			runOnlyForDeploymentPostprocessing = 0;
		};
		76783B862667A03E001F9241 /* Sources */ = {
			isa = PBXSourcesBuildPhase;
			buildActionMask = 2147483647;
			files = (
				76783B8D2667A03E001F9241 /* main.swift in Sources */,
			);
			runOnlyForDeploymentPostprocessing = 0;
		};
		76783B932668A3B0001F9241 /* Sources */ = {
			isa = PBXSourcesBuildPhase;
			buildActionMask = 2147483647;
			files = (
				76783B9A2668A3B0001F9241 /* main.swift in Sources */,
			);
			runOnlyForDeploymentPostprocessing = 0;
		};
		76783B9E2668AEFC001F9241 /* Sources */ = {
			isa = PBXSourcesBuildPhase;
			buildActionMask = 2147483647;
			files = (
				76783BA52668AEFC001F9241 /* main.swift in Sources */,
			);
			runOnlyForDeploymentPostprocessing = 0;
		};
		76783BA92668B935001F9241 /* Sources */ = {
			isa = PBXSourcesBuildPhase;
			buildActionMask = 2147483647;
			files = (
				76783BB02668B935001F9241 /* main.swift in Sources */,
			);
			runOnlyForDeploymentPostprocessing = 0;
		};
		76783BFF266A0531001F9241 /* Sources */ = {
			isa = PBXSourcesBuildPhase;
			buildActionMask = 2147483647;
			files = (
				76783C06266A0531001F9241 /* main.swift in Sources */,
			);
			runOnlyForDeploymentPostprocessing = 0;
		};
		76783C15266BAFB2001F9241 /* Sources */ = {
			isa = PBXSourcesBuildPhase;
			buildActionMask = 2147483647;
			files = (
				76783C1C266BAFB2001F9241 /* main.swift in Sources */,
			);
			runOnlyForDeploymentPostprocessing = 0;
		};
		76783C21266D01EA001F9241 /* Sources */ = {
			isa = PBXSourcesBuildPhase;
			buildActionMask = 2147483647;
			files = (
				76783C28266D01EA001F9241 /* main.swift in Sources */,
			);
			runOnlyForDeploymentPostprocessing = 0;
		};
		76783C2C266E5A90001F9241 /* Sources */ = {
			isa = PBXSourcesBuildPhase;
			buildActionMask = 2147483647;
			files = (
				76783C33266E5A91001F9241 /* main.swift in Sources */,
			);
			runOnlyForDeploymentPostprocessing = 0;
		};
		76783C37266E67F7001F9241 /* Sources */ = {
			isa = PBXSourcesBuildPhase;
			buildActionMask = 2147483647;
			files = (
				76783C3E266E67F7001F9241 /* main.swift in Sources */,
			);
			runOnlyForDeploymentPostprocessing = 0;
		};
		76783C42266F4751001F9241 /* Sources */ = {
			isa = PBXSourcesBuildPhase;
			buildActionMask = 2147483647;
			files = (
				76783C49266F4751001F9241 /* main.swift in Sources */,
			);
			runOnlyForDeploymentPostprocessing = 0;
		};
		76783C4D2670A55F001F9241 /* Sources */ = {
			isa = PBXSourcesBuildPhase;
			buildActionMask = 2147483647;
			files = (
				76783C542670A55F001F9241 /* main.swift in Sources */,
			);
			runOnlyForDeploymentPostprocessing = 0;
		};
		76783C582671BF7D001F9241 /* Sources */ = {
			isa = PBXSourcesBuildPhase;
			buildActionMask = 2147483647;
			files = (
				76783C5F2671BF7E001F9241 /* main.swift in Sources */,
			);
			runOnlyForDeploymentPostprocessing = 0;
		};
/* End PBXSourcesBuildPhase section */

/* Begin XCBuildConfiguration section */
		761B554D26739C88004641D3 /* Debug */ = {
			isa = XCBuildConfiguration;
			buildSettings = {
				CODE_SIGN_STYLE = Automatic;
				DEVELOPMENT_TEAM = W944A2445R;
				ENABLE_HARDENED_RUNTIME = YES;
				PRODUCT_NAME = "$(TARGET_NAME)";
				SWIFT_VERSION = 5.0;
			};
			name = Debug;
		};
		761B554E26739C88004641D3 /* Release */ = {
			isa = XCBuildConfiguration;
			buildSettings = {
				CODE_SIGN_STYLE = Automatic;
				DEVELOPMENT_TEAM = W944A2445R;
				ENABLE_HARDENED_RUNTIME = YES;
				PRODUCT_NAME = "$(TARGET_NAME)";
				SWIFT_VERSION = 5.0;
			};
			name = Release;
		};
		761B555926739DC5004641D3 /* Debug */ = {
			isa = XCBuildConfiguration;
			buildSettings = {
				CODE_SIGN_STYLE = Automatic;
				DEVELOPMENT_TEAM = W944A2445R;
				ENABLE_HARDENED_RUNTIME = YES;
				PRODUCT_NAME = "$(TARGET_NAME)";
				SWIFT_VERSION = 5.0;
			};
			name = Debug;
		};
		761B555A26739DC5004641D3 /* Release */ = {
			isa = XCBuildConfiguration;
			buildSettings = {
				CODE_SIGN_STYLE = Automatic;
				DEVELOPMENT_TEAM = W944A2445R;
				ENABLE_HARDENED_RUNTIME = YES;
				PRODUCT_NAME = "$(TARGET_NAME)";
				SWIFT_VERSION = 5.0;
			};
			name = Release;
		};
		761B556326750067004641D3 /* Debug */ = {
			isa = XCBuildConfiguration;
			buildSettings = {
				CODE_SIGN_STYLE = Automatic;
				DEVELOPMENT_TEAM = W944A2445R;
				ENABLE_HARDENED_RUNTIME = YES;
				PRODUCT_NAME = "$(TARGET_NAME)";
				SWIFT_VERSION = 5.0;
			};
			name = Debug;
		};
		761B556426750067004641D3 /* Release */ = {
			isa = XCBuildConfiguration;
			buildSettings = {
				CODE_SIGN_STYLE = Automatic;
				DEVELOPMENT_TEAM = W944A2445R;
				ENABLE_HARDENED_RUNTIME = YES;
				PRODUCT_NAME = "$(TARGET_NAME)";
				SWIFT_VERSION = 5.0;
			};
			name = Release;
		};
		761B556E26772C41004641D3 /* Debug */ = {
			isa = XCBuildConfiguration;
			buildSettings = {
				CODE_SIGN_STYLE = Automatic;
				DEVELOPMENT_TEAM = W944A2445R;
				ENABLE_HARDENED_RUNTIME = YES;
				PRODUCT_NAME = "$(TARGET_NAME)";
				SWIFT_VERSION = 5.0;
			};
			name = Debug;
		};
		761B556F26772C41004641D3 /* Release */ = {
			isa = XCBuildConfiguration;
			buildSettings = {
				CODE_SIGN_STYLE = Automatic;
				DEVELOPMENT_TEAM = W944A2445R;
				ENABLE_HARDENED_RUNTIME = YES;
				PRODUCT_NAME = "$(TARGET_NAME)";
				SWIFT_VERSION = 5.0;
			};
			name = Release;
		};
		761B557926786838004641D3 /* Debug */ = {
			isa = XCBuildConfiguration;
			buildSettings = {
				CODE_SIGN_STYLE = Automatic;
				DEVELOPMENT_TEAM = W944A2445R;
				ENABLE_HARDENED_RUNTIME = YES;
				PRODUCT_NAME = "$(TARGET_NAME)";
				SWIFT_VERSION = 5.0;
			};
			name = Debug;
		};
		761B557A26786838004641D3 /* Release */ = {
			isa = XCBuildConfiguration;
			buildSettings = {
				CODE_SIGN_STYLE = Automatic;
				DEVELOPMENT_TEAM = W944A2445R;
				ENABLE_HARDENED_RUNTIME = YES;
				PRODUCT_NAME = "$(TARGET_NAME)";
				SWIFT_VERSION = 5.0;
			};
			name = Release;
		};
		761B558526786EC6004641D3 /* Debug */ = {
			isa = XCBuildConfiguration;
			buildSettings = {
				CODE_SIGN_STYLE = Automatic;
				DEVELOPMENT_TEAM = W944A2445R;
				ENABLE_HARDENED_RUNTIME = YES;
				PRODUCT_NAME = "$(TARGET_NAME)";
				SWIFT_VERSION = 5.0;
			};
			name = Debug;
		};
		761B558626786EC6004641D3 /* Release */ = {
			isa = XCBuildConfiguration;
			buildSettings = {
				CODE_SIGN_STYLE = Automatic;
				DEVELOPMENT_TEAM = W944A2445R;
				ENABLE_HARDENED_RUNTIME = YES;
				PRODUCT_NAME = "$(TARGET_NAME)";
				SWIFT_VERSION = 5.0;
			};
			name = Release;
		};
		76783B6E26666A3C001F9241 /* Debug */ = {
			isa = XCBuildConfiguration;
			buildSettings = {
				ALWAYS_SEARCH_USER_PATHS = NO;
				CLANG_ANALYZER_NONNULL = YES;
				CLANG_ANALYZER_NUMBER_OBJECT_CONVERSION = YES_AGGRESSIVE;
				CLANG_CXX_LANGUAGE_STANDARD = "gnu++14";
				CLANG_CXX_LIBRARY = "libc++";
				CLANG_ENABLE_MODULES = YES;
				CLANG_ENABLE_OBJC_ARC = YES;
				CLANG_ENABLE_OBJC_WEAK = YES;
				CLANG_WARN_BLOCK_CAPTURE_AUTORELEASING = YES;
				CLANG_WARN_BOOL_CONVERSION = YES;
				CLANG_WARN_COMMA = YES;
				CLANG_WARN_CONSTANT_CONVERSION = YES;
				CLANG_WARN_DEPRECATED_OBJC_IMPLEMENTATIONS = YES;
				CLANG_WARN_DIRECT_OBJC_ISA_USAGE = YES_ERROR;
				CLANG_WARN_DOCUMENTATION_COMMENTS = YES;
				CLANG_WARN_EMPTY_BODY = YES;
				CLANG_WARN_ENUM_CONVERSION = YES;
				CLANG_WARN_INFINITE_RECURSION = YES;
				CLANG_WARN_INT_CONVERSION = YES;
				CLANG_WARN_NON_LITERAL_NULL_CONVERSION = YES;
				CLANG_WARN_OBJC_IMPLICIT_RETAIN_SELF = YES;
				CLANG_WARN_OBJC_LITERAL_CONVERSION = YES;
				CLANG_WARN_OBJC_ROOT_CLASS = YES_ERROR;
				CLANG_WARN_QUOTED_INCLUDE_IN_FRAMEWORK_HEADER = YES;
				CLANG_WARN_RANGE_LOOP_ANALYSIS = YES;
				CLANG_WARN_STRICT_PROTOTYPES = YES;
				CLANG_WARN_SUSPICIOUS_MOVE = YES;
				CLANG_WARN_UNGUARDED_AVAILABILITY = YES_AGGRESSIVE;
				CLANG_WARN_UNREACHABLE_CODE = YES;
				CLANG_WARN__DUPLICATE_METHOD_MATCH = YES;
				COPY_PHASE_STRIP = NO;
				DEBUG_INFORMATION_FORMAT = dwarf;
				ENABLE_STRICT_OBJC_MSGSEND = YES;
				ENABLE_TESTABILITY = YES;
				GCC_C_LANGUAGE_STANDARD = gnu11;
				GCC_DYNAMIC_NO_PIC = NO;
				GCC_NO_COMMON_BLOCKS = YES;
				GCC_OPTIMIZATION_LEVEL = 0;
				GCC_PREPROCESSOR_DEFINITIONS = (
					"DEBUG=1",
					"$(inherited)",
				);
				GCC_WARN_64_TO_32_BIT_CONVERSION = YES;
				GCC_WARN_ABOUT_RETURN_TYPE = YES_ERROR;
				GCC_WARN_UNDECLARED_SELECTOR = YES;
				GCC_WARN_UNINITIALIZED_AUTOS = YES_AGGRESSIVE;
				GCC_WARN_UNUSED_FUNCTION = YES;
				GCC_WARN_UNUSED_VARIABLE = YES;
				MACOSX_DEPLOYMENT_TARGET = 11.3;
				MTL_ENABLE_DEBUG_INFO = INCLUDE_SOURCE;
				MTL_FAST_MATH = YES;
				ONLY_ACTIVE_ARCH = YES;
				SDKROOT = macosx;
				SWIFT_ACTIVE_COMPILATION_CONDITIONS = DEBUG;
				SWIFT_OPTIMIZATION_LEVEL = "-Onone";
			};
			name = Debug;
		};
		76783B6F26666A3C001F9241 /* Release */ = {
			isa = XCBuildConfiguration;
			buildSettings = {
				ALWAYS_SEARCH_USER_PATHS = NO;
				CLANG_ANALYZER_NONNULL = YES;
				CLANG_ANALYZER_NUMBER_OBJECT_CONVERSION = YES_AGGRESSIVE;
				CLANG_CXX_LANGUAGE_STANDARD = "gnu++14";
				CLANG_CXX_LIBRARY = "libc++";
				CLANG_ENABLE_MODULES = YES;
				CLANG_ENABLE_OBJC_ARC = YES;
				CLANG_ENABLE_OBJC_WEAK = YES;
				CLANG_WARN_BLOCK_CAPTURE_AUTORELEASING = YES;
				CLANG_WARN_BOOL_CONVERSION = YES;
				CLANG_WARN_COMMA = YES;
				CLANG_WARN_CONSTANT_CONVERSION = YES;
				CLANG_WARN_DEPRECATED_OBJC_IMPLEMENTATIONS = YES;
				CLANG_WARN_DIRECT_OBJC_ISA_USAGE = YES_ERROR;
				CLANG_WARN_DOCUMENTATION_COMMENTS = YES;
				CLANG_WARN_EMPTY_BODY = YES;
				CLANG_WARN_ENUM_CONVERSION = YES;
				CLANG_WARN_INFINITE_RECURSION = YES;
				CLANG_WARN_INT_CONVERSION = YES;
				CLANG_WARN_NON_LITERAL_NULL_CONVERSION = YES;
				CLANG_WARN_OBJC_IMPLICIT_RETAIN_SELF = YES;
				CLANG_WARN_OBJC_LITERAL_CONVERSION = YES;
				CLANG_WARN_OBJC_ROOT_CLASS = YES_ERROR;
				CLANG_WARN_QUOTED_INCLUDE_IN_FRAMEWORK_HEADER = YES;
				CLANG_WARN_RANGE_LOOP_ANALYSIS = YES;
				CLANG_WARN_STRICT_PROTOTYPES = YES;
				CLANG_WARN_SUSPICIOUS_MOVE = YES;
				CLANG_WARN_UNGUARDED_AVAILABILITY = YES_AGGRESSIVE;
				CLANG_WARN_UNREACHABLE_CODE = YES;
				CLANG_WARN__DUPLICATE_METHOD_MATCH = YES;
				COPY_PHASE_STRIP = NO;
				DEBUG_INFORMATION_FORMAT = "dwarf-with-dsym";
				ENABLE_NS_ASSERTIONS = NO;
				ENABLE_STRICT_OBJC_MSGSEND = YES;
				GCC_C_LANGUAGE_STANDARD = gnu11;
				GCC_NO_COMMON_BLOCKS = YES;
				GCC_WARN_64_TO_32_BIT_CONVERSION = YES;
				GCC_WARN_ABOUT_RETURN_TYPE = YES_ERROR;
				GCC_WARN_UNDECLARED_SELECTOR = YES;
				GCC_WARN_UNINITIALIZED_AUTOS = YES_AGGRESSIVE;
				GCC_WARN_UNUSED_FUNCTION = YES;
				GCC_WARN_UNUSED_VARIABLE = YES;
				MACOSX_DEPLOYMENT_TARGET = 11.3;
				MTL_ENABLE_DEBUG_INFO = NO;
				MTL_FAST_MATH = YES;
				SDKROOT = macosx;
				SWIFT_COMPILATION_MODE = wholemodule;
				SWIFT_OPTIMIZATION_LEVEL = "-O";
			};
			name = Release;
		};
		76783B8F2667A03E001F9241 /* Debug */ = {
			isa = XCBuildConfiguration;
			buildSettings = {
				CODE_SIGN_STYLE = Automatic;
				DEVELOPMENT_TEAM = W944A2445R;
				ENABLE_HARDENED_RUNTIME = YES;
				PRODUCT_NAME = "$(TARGET_NAME)";
				SWIFT_VERSION = 5.0;
			};
			name = Debug;
		};
		76783B902667A03E001F9241 /* Release */ = {
			isa = XCBuildConfiguration;
			buildSettings = {
				CODE_SIGN_STYLE = Automatic;
				DEVELOPMENT_TEAM = W944A2445R;
				ENABLE_HARDENED_RUNTIME = YES;
				PRODUCT_NAME = "$(TARGET_NAME)";
				SWIFT_VERSION = 5.0;
			};
			name = Release;
		};
		76783B9C2668A3B0001F9241 /* Debug */ = {
			isa = XCBuildConfiguration;
			buildSettings = {
				CODE_SIGN_STYLE = Automatic;
				DEVELOPMENT_TEAM = W944A2445R;
				ENABLE_HARDENED_RUNTIME = YES;
				PRODUCT_NAME = "$(TARGET_NAME)";
				SWIFT_VERSION = 5.0;
			};
			name = Debug;
		};
		76783B9D2668A3B0001F9241 /* Release */ = {
			isa = XCBuildConfiguration;
			buildSettings = {
				CODE_SIGN_STYLE = Automatic;
				DEVELOPMENT_TEAM = W944A2445R;
				ENABLE_HARDENED_RUNTIME = YES;
				PRODUCT_NAME = "$(TARGET_NAME)";
				SWIFT_VERSION = 5.0;
			};
			name = Release;
		};
		76783BA72668AEFC001F9241 /* Debug */ = {
			isa = XCBuildConfiguration;
			buildSettings = {
				CODE_SIGN_STYLE = Automatic;
				DEVELOPMENT_TEAM = W944A2445R;
				ENABLE_HARDENED_RUNTIME = YES;
				PRODUCT_NAME = "$(TARGET_NAME)";
				SWIFT_VERSION = 5.0;
			};
			name = Debug;
		};
		76783BA82668AEFC001F9241 /* Release */ = {
			isa = XCBuildConfiguration;
			buildSettings = {
				CODE_SIGN_STYLE = Automatic;
				DEVELOPMENT_TEAM = W944A2445R;
				ENABLE_HARDENED_RUNTIME = YES;
				PRODUCT_NAME = "$(TARGET_NAME)";
				SWIFT_VERSION = 5.0;
			};
			name = Release;
		};
		76783BB22668B935001F9241 /* Debug */ = {
			isa = XCBuildConfiguration;
			buildSettings = {
				CODE_SIGN_STYLE = Automatic;
				DEVELOPMENT_TEAM = W944A2445R;
				ENABLE_HARDENED_RUNTIME = YES;
				PRODUCT_NAME = "$(TARGET_NAME)";
				SWIFT_VERSION = 5.0;
			};
			name = Debug;
		};
		76783BB32668B935001F9241 /* Release */ = {
			isa = XCBuildConfiguration;
			buildSettings = {
				CODE_SIGN_STYLE = Automatic;
				DEVELOPMENT_TEAM = W944A2445R;
				ENABLE_HARDENED_RUNTIME = YES;
				PRODUCT_NAME = "$(TARGET_NAME)";
				SWIFT_VERSION = 5.0;
			};
			name = Release;
		};
		76783C08266A0531001F9241 /* Debug */ = {
			isa = XCBuildConfiguration;
			buildSettings = {
				CODE_SIGN_STYLE = Automatic;
				DEVELOPMENT_TEAM = W944A2445R;
				ENABLE_HARDENED_RUNTIME = YES;
				PRODUCT_NAME = "$(TARGET_NAME)";
				SWIFT_VERSION = 5.0;
			};
			name = Debug;
		};
		76783C09266A0531001F9241 /* Release */ = {
			isa = XCBuildConfiguration;
			buildSettings = {
				CODE_SIGN_STYLE = Automatic;
				DEVELOPMENT_TEAM = W944A2445R;
				ENABLE_HARDENED_RUNTIME = YES;
				PRODUCT_NAME = "$(TARGET_NAME)";
				SWIFT_VERSION = 5.0;
			};
			name = Release;
		};
		76783C1E266BAFB2001F9241 /* Debug */ = {
			isa = XCBuildConfiguration;
			buildSettings = {
				CODE_SIGN_STYLE = Automatic;
				DEVELOPMENT_TEAM = W944A2445R;
				ENABLE_HARDENED_RUNTIME = YES;
				PRODUCT_NAME = "$(TARGET_NAME)";
				SWIFT_VERSION = 5.0;
			};
			name = Debug;
		};
		76783C1F266BAFB2001F9241 /* Release */ = {
			isa = XCBuildConfiguration;
			buildSettings = {
				CODE_SIGN_STYLE = Automatic;
				DEVELOPMENT_TEAM = W944A2445R;
				ENABLE_HARDENED_RUNTIME = YES;
				PRODUCT_NAME = "$(TARGET_NAME)";
				SWIFT_VERSION = 5.0;
			};
			name = Release;
		};
		76783C2A266D01EA001F9241 /* Debug */ = {
			isa = XCBuildConfiguration;
			buildSettings = {
				CODE_SIGN_STYLE = Automatic;
				DEVELOPMENT_TEAM = W944A2445R;
				ENABLE_HARDENED_RUNTIME = YES;
				PRODUCT_NAME = "$(TARGET_NAME)";
				SWIFT_VERSION = 5.0;
			};
			name = Debug;
		};
		76783C2B266D01EA001F9241 /* Release */ = {
			isa = XCBuildConfiguration;
			buildSettings = {
				CODE_SIGN_STYLE = Automatic;
				DEVELOPMENT_TEAM = W944A2445R;
				ENABLE_HARDENED_RUNTIME = YES;
				PRODUCT_NAME = "$(TARGET_NAME)";
				SWIFT_VERSION = 5.0;
			};
			name = Release;
		};
		76783C35266E5A91001F9241 /* Debug */ = {
			isa = XCBuildConfiguration;
			buildSettings = {
				CODE_SIGN_STYLE = Automatic;
				DEVELOPMENT_TEAM = W944A2445R;
				ENABLE_HARDENED_RUNTIME = YES;
				PRODUCT_NAME = "$(TARGET_NAME)";
				SWIFT_VERSION = 5.0;
			};
			name = Debug;
		};
		76783C36266E5A91001F9241 /* Release */ = {
			isa = XCBuildConfiguration;
			buildSettings = {
				CODE_SIGN_STYLE = Automatic;
				DEVELOPMENT_TEAM = W944A2445R;
				ENABLE_HARDENED_RUNTIME = YES;
				PRODUCT_NAME = "$(TARGET_NAME)";
				SWIFT_VERSION = 5.0;
			};
			name = Release;
		};
		76783C40266E67F7001F9241 /* Debug */ = {
			isa = XCBuildConfiguration;
			buildSettings = {
				CODE_SIGN_STYLE = Automatic;
				DEVELOPMENT_TEAM = W944A2445R;
				ENABLE_HARDENED_RUNTIME = YES;
				PRODUCT_NAME = "$(TARGET_NAME)";
				SWIFT_VERSION = 5.0;
			};
			name = Debug;
		};
		76783C41266E67F7001F9241 /* Release */ = {
			isa = XCBuildConfiguration;
			buildSettings = {
				CODE_SIGN_STYLE = Automatic;
				DEVELOPMENT_TEAM = W944A2445R;
				ENABLE_HARDENED_RUNTIME = YES;
				PRODUCT_NAME = "$(TARGET_NAME)";
				SWIFT_VERSION = 5.0;
			};
			name = Release;
		};
		76783C4B266F4751001F9241 /* Debug */ = {
			isa = XCBuildConfiguration;
			buildSettings = {
				CODE_SIGN_STYLE = Automatic;
				DEVELOPMENT_TEAM = W944A2445R;
				ENABLE_HARDENED_RUNTIME = YES;
				PRODUCT_NAME = "$(TARGET_NAME)";
				SWIFT_VERSION = 5.0;
			};
			name = Debug;
		};
		76783C4C266F4751001F9241 /* Release */ = {
			isa = XCBuildConfiguration;
			buildSettings = {
				CODE_SIGN_STYLE = Automatic;
				DEVELOPMENT_TEAM = W944A2445R;
				ENABLE_HARDENED_RUNTIME = YES;
				PRODUCT_NAME = "$(TARGET_NAME)";
				SWIFT_VERSION = 5.0;
			};
			name = Release;
		};
		76783C562670A55F001F9241 /* Debug */ = {
			isa = XCBuildConfiguration;
			buildSettings = {
				CODE_SIGN_STYLE = Automatic;
				DEVELOPMENT_TEAM = W944A2445R;
				ENABLE_HARDENED_RUNTIME = YES;
				PRODUCT_NAME = "$(TARGET_NAME)";
				SWIFT_VERSION = 5.0;
			};
			name = Debug;
		};
		76783C572670A55F001F9241 /* Release */ = {
			isa = XCBuildConfiguration;
			buildSettings = {
				CODE_SIGN_STYLE = Automatic;
				DEVELOPMENT_TEAM = W944A2445R;
				ENABLE_HARDENED_RUNTIME = YES;
				PRODUCT_NAME = "$(TARGET_NAME)";
				SWIFT_VERSION = 5.0;
			};
			name = Release;
		};
		76783C612671BF7E001F9241 /* Debug */ = {
			isa = XCBuildConfiguration;
			buildSettings = {
				CODE_SIGN_STYLE = Automatic;
				DEVELOPMENT_TEAM = W944A2445R;
				ENABLE_HARDENED_RUNTIME = YES;
				PRODUCT_NAME = "$(TARGET_NAME)";
				SWIFT_VERSION = 5.0;
			};
			name = Debug;
		};
		76783C622671BF7E001F9241 /* Release */ = {
			isa = XCBuildConfiguration;
			buildSettings = {
				CODE_SIGN_STYLE = Automatic;
				DEVELOPMENT_TEAM = W944A2445R;
				ENABLE_HARDENED_RUNTIME = YES;
				PRODUCT_NAME = "$(TARGET_NAME)";
				SWIFT_VERSION = 5.0;
			};
			name = Release;
		};
/* End XCBuildConfiguration section */

/* Begin XCConfigurationList section */
		761B554F26739C88004641D3 /* Build configuration list for PBXNativeTarget "MergeTwoLists" */ = {
			isa = XCConfigurationList;
			buildConfigurations = (
				761B554D26739C88004641D3 /* Debug */,
				761B554E26739C88004641D3 /* Release */,
			);
			defaultConfigurationIsVisible = 0;
			defaultConfigurationName = Release;
		};
		761B555826739DC5004641D3 /* Build configuration list for PBXNativeTarget "ValidParentheses" */ = {
			isa = XCConfigurationList;
			buildConfigurations = (
				761B555926739DC5004641D3 /* Debug */,
				761B555A26739DC5004641D3 /* Release */,
			);
			defaultConfigurationIsVisible = 0;
			defaultConfigurationName = Release;
		};
		761B556526750067004641D3 /* Build configuration list for PBXNativeTarget "TapeEquilibrium" */ = {
			isa = XCConfigurationList;
			buildConfigurations = (
				761B556326750067004641D3 /* Debug */,
				761B556426750067004641D3 /* Release */,
			);
			defaultConfigurationIsVisible = 0;
			defaultConfigurationName = Release;
		};
		761B557026772C41004641D3 /* Build configuration list for PBXNativeTarget "CountWords" */ = {
			isa = XCConfigurationList;
			buildConfigurations = (
				761B556E26772C41004641D3 /* Debug */,
				761B556F26772C41004641D3 /* Release */,
			);
			defaultConfigurationIsVisible = 0;
			defaultConfigurationName = Release;
		};
		761B557B26786838004641D3 /* Build configuration list for PBXNativeTarget "SalesByMatch" */ = {
			isa = XCConfigurationList;
			buildConfigurations = (
				761B557926786838004641D3 /* Debug */,
				761B557A26786838004641D3 /* Release */,
			);
			defaultConfigurationIsVisible = 0;
			defaultConfigurationName = Release;
		};
		761B558426786EC6004641D3 /* Build configuration list for PBXNativeTarget "PickingNumbers" */ = {
			isa = XCConfigurationList;
			buildConfigurations = (
				761B558526786EC6004641D3 /* Debug */,
				761B558626786EC6004641D3 /* Release */,
			);
			defaultConfigurationIsVisible = 0;
			defaultConfigurationName = Release;
		};
		76783B6426666A3C001F9241 /* Build configuration list for PBXProject "Algorithm" */ = {
			isa = XCConfigurationList;
			buildConfigurations = (
				76783B6E26666A3C001F9241 /* Debug */,
				76783B6F26666A3C001F9241 /* Release */,
			);
			defaultConfigurationIsVisible = 0;
			defaultConfigurationName = Release;
		};
		76783B8E2667A03E001F9241 /* Build configuration list for PBXNativeTarget "KthNumber" */ = {
			isa = XCConfigurationList;
			buildConfigurations = (
				76783B8F2667A03E001F9241 /* Debug */,
				76783B902667A03E001F9241 /* Release */,
			);
			defaultConfigurationIsVisible = 0;
			defaultConfigurationName = Release;
		};
		76783B9B2668A3B0001F9241 /* Build configuration list for PBXNativeTarget "TwoSum" */ = {
			isa = XCConfigurationList;
			buildConfigurations = (
				76783B9C2668A3B0001F9241 /* Debug */,
				76783B9D2668A3B0001F9241 /* Release */,
			);
			defaultConfigurationIsVisible = 0;
			defaultConfigurationName = Release;
		};
		76783BA62668AEFC001F9241 /* Build configuration list for PBXNativeTarget "BinaryGap" */ = {
			isa = XCConfigurationList;
			buildConfigurations = (
				76783BA72668AEFC001F9241 /* Debug */,
				76783BA82668AEFC001F9241 /* Release */,
			);
			defaultConfigurationIsVisible = 0;
			defaultConfigurationName = Release;
		};
		76783BB12668B935001F9241 /* Build configuration list for PBXNativeTarget "369Game" */ = {
			isa = XCConfigurationList;
			buildConfigurations = (
				76783BB22668B935001F9241 /* Debug */,
				76783BB32668B935001F9241 /* Release */,
			);
			defaultConfigurationIsVisible = 0;
			defaultConfigurationName = Release;
		};
		76783C07266A0531001F9241 /* Build configuration list for PBXNativeTarget "AppleOrange" */ = {
			isa = XCConfigurationList;
			buildConfigurations = (
				76783C08266A0531001F9241 /* Debug */,
				76783C09266A0531001F9241 /* Release */,
			);
			defaultConfigurationIsVisible = 0;
			defaultConfigurationName = Release;
		};
		76783C1D266BAFB2001F9241 /* Build configuration list for PBXNativeTarget "RomanToInteger" */ = {
			isa = XCConfigurationList;
			buildConfigurations = (
				76783C1E266BAFB2001F9241 /* Debug */,
				76783C1F266BAFB2001F9241 /* Release */,
			);
			defaultConfigurationIsVisible = 0;
			defaultConfigurationName = Release;
		};
		76783C29266D01EA001F9241 /* Build configuration list for PBXNativeTarget "OddOccurrencesInArray" */ = {
			isa = XCConfigurationList;
			buildConfigurations = (
				76783C2A266D01EA001F9241 /* Debug */,
				76783C2B266D01EA001F9241 /* Release */,
			);
			defaultConfigurationIsVisible = 0;
			defaultConfigurationName = Release;
		};
		76783C34266E5A91001F9241 /* Build configuration list for PBXNativeTarget "CountOverlapedElements1" */ = {
			isa = XCConfigurationList;
			buildConfigurations = (
				76783C35266E5A91001F9241 /* Debug */,
				76783C36266E5A91001F9241 /* Release */,
			);
			defaultConfigurationIsVisible = 0;
			defaultConfigurationName = Release;
		};
		76783C3F266E67F7001F9241 /* Build configuration list for PBXNativeTarget "CountOverlapedElements2" */ = {
			isa = XCConfigurationList;
			buildConfigurations = (
				76783C40266E67F7001F9241 /* Debug */,
				76783C41266E67F7001F9241 /* Release */,
			);
			defaultConfigurationIsVisible = 0;
			defaultConfigurationName = Release;
		};
		76783C4A266F4751001F9241 /* Build configuration list for PBXNativeTarget "FindDivisors" */ = {
			isa = XCConfigurationList;
			buildConfigurations = (
				76783C4B266F4751001F9241 /* Debug */,
				76783C4C266F4751001F9241 /* Release */,
			);
			defaultConfigurationIsVisible = 0;
			defaultConfigurationName = Release;
		};
		76783C552670A55F001F9241 /* Build configuration list for PBXNativeTarget "DrawingBook" */ = {
			isa = XCConfigurationList;
			buildConfigurations = (
				76783C562670A55F001F9241 /* Debug */,
				76783C572670A55F001F9241 /* Release */,
			);
			defaultConfigurationIsVisible = 0;
			defaultConfigurationName = Release;
		};
		76783C602671BF7E001F9241 /* Build configuration list for PBXNativeTarget "ClawMachine" */ = {
			isa = XCConfigurationList;
			buildConfigurations = (
				76783C612671BF7E001F9241 /* Debug */,
				76783C622671BF7E001F9241 /* Release */,
			);
			defaultConfigurationIsVisible = 0;
			defaultConfigurationName = Release;
		};
/* End XCConfigurationList section */
	};
	rootObject = 76783B6126666A3C001F9241 /* Project object */;
}
